// !$*UTF8*$!
{
	archiveVersion = 1;
	classes = {
	};
	objectVersion = 50;
	objects = {

/* Begin PBXBuildFile section */
		F443E5E3267867000012B40D /* Common.swift in Sources */ = {isa = PBXBuildFile; fileRef = F443E5E2267867000012B40D /* Common.swift */; };
		F443E5E626788BF00012B40D /* SummaryTableViewCell.swift in Sources */ = {isa = PBXBuildFile; fileRef = F443E5E526788BF00012B40D /* SummaryTableViewCell.swift */; };
		F443E5E826788C040012B40D /* ForecastTableViewCell.swift in Sources */ = {isa = PBXBuildFile; fileRef = F443E5E726788C040012B40D /* ForecastTableViewCell.swift */; };
		F461E6CD268370F300752DCA /* ApiError.swift in Sources */ = {isa = PBXBuildFile; fileRef = F461E6CC268370F300752DCA /* ApiError.swift */; };
		F461E6CF2683710B00752DCA /* CurrentWether.swift in Sources */ = {isa = PBXBuildFile; fileRef = F461E6CE2683710B00752DCA /* CurrentWether.swift */; };
		F461E6D12683711C00752DCA /* Forecast.swift in Sources */ = {isa = PBXBuildFile; fileRef = F461E6D02683711C00752DCA /* Forecast.swift */; };
		F461E6D42683713A00752DCA /* WeatherDataSource.swift in Sources */ = {isa = PBXBuildFile; fileRef = F461E6D32683713A00752DCA /* WeatherDataSource.swift */; };
		F4E99FAB26765EA00031BD87 /* AppDelegate.swift in Sources */ = {isa = PBXBuildFile; fileRef = F4E99FAA26765EA00031BD87 /* AppDelegate.swift */; };
		F4E99FAD26765EA00031BD87 /* SceneDelegate.swift in Sources */ = {isa = PBXBuildFile; fileRef = F4E99FAC26765EA00031BD87 /* SceneDelegate.swift */; };
		F4E99FAF26765EA00031BD87 /* ViewController.swift in Sources */ = {isa = PBXBuildFile; fileRef = F4E99FAE26765EA00031BD87 /* ViewController.swift */; };
		F4E99FB226765EA00031BD87 /* Main.storyboard in Resources */ = {isa = PBXBuildFile; fileRef = F4E99FB026765EA00031BD87 /* Main.storyboard */; };
		F4E99FB426765EA10031BD87 /* Assets.xcassets in Resources */ = {isa = PBXBuildFile; fileRef = F4E99FB326765EA10031BD87 /* Assets.xcassets */; };
		F4E99FB726765EA10031BD87 /* LaunchScreen.storyboard in Resources */ = {isa = PBXBuildFile; fileRef = F4E99FB526765EA10031BD87 /* LaunchScreen.storyboard */; };
		F4F22307268459C300A6E140 /* Double+Formatter.swift in Sources */ = {isa = PBXBuildFile; fileRef = F4F22306268459C300A6E140 /* Double+Formatter.swift */; };
		F4F2230926845CA800A6E140 /* Date+Formatter.swift in Sources */ = {isa = PBXBuildFile; fileRef = F4F2230826845CA800A6E140 /* Date+Formatter.swift */; };
		F4F2230C2684714E00A6E140 /* LocationManager.swift in Sources */ = {isa = PBXBuildFile; fileRef = F4F2230B2684714E00A6E140 /* LocationManager.swift */; };
/* End PBXBuildFile section */

/* Begin PBXFileReference section */
		F443E5E2267867000012B40D /* Common.swift */ = {isa = PBXFileReference; lastKnownFileType = sourcecode.swift; path = Common.swift; sourceTree = "<group>"; };
		F443E5E526788BF00012B40D /* SummaryTableViewCell.swift */ = {isa = PBXFileReference; lastKnownFileType = sourcecode.swift; path = SummaryTableViewCell.swift; sourceTree = "<group>"; };
		F443E5E726788C040012B40D /* ForecastTableViewCell.swift */ = {isa = PBXFileReference; lastKnownFileType = sourcecode.swift; path = ForecastTableViewCell.swift; sourceTree = "<group>"; };
		F461E6CC268370F300752DCA /* ApiError.swift */ = {isa = PBXFileReference; lastKnownFileType = sourcecode.swift; path = ApiError.swift; sourceTree = "<group>"; };
		F461E6CE2683710B00752DCA /* CurrentWether.swift */ = {isa = PBXFileReference; lastKnownFileType = sourcecode.swift; path = CurrentWether.swift; sourceTree = "<group>"; };
		F461E6D02683711C00752DCA /* Forecast.swift */ = {isa = PBXFileReference; lastKnownFileType = sourcecode.swift; path = Forecast.swift; sourceTree = "<group>"; };
		F461E6D32683713A00752DCA /* WeatherDataSource.swift */ = {isa = PBXFileReference; lastKnownFileType = sourcecode.swift; path = WeatherDataSource.swift; sourceTree = "<group>"; };
		F461E6D6268387A800752DCA /* MyPlayground.playground */ = {isa = PBXFileReference; lastKnownFileType = file.playground; path = MyPlayground.playground; sourceTree = "<group>"; xcLanguageSpecificationIdentifier = xcode.lang.swift; };
		F4E99FA726765EA00031BD87 /* MooForecast.app */ = {isa = PBXFileReference; explicitFileType = wrapper.application; includeInIndex = 0; path = MooForecast.app; sourceTree = BUILT_PRODUCTS_DIR; };
		F4E99FAA26765EA00031BD87 /* AppDelegate.swift */ = {isa = PBXFileReference; lastKnownFileType = sourcecode.swift; path = AppDelegate.swift; sourceTree = "<group>"; };
		F4E99FAC26765EA00031BD87 /* SceneDelegate.swift */ = {isa = PBXFileReference; lastKnownFileType = sourcecode.swift; path = SceneDelegate.swift; sourceTree = "<group>"; };
		F4E99FAE26765EA00031BD87 /* ViewController.swift */ = {isa = PBXFileReference; lastKnownFileType = sourcecode.swift; path = ViewController.swift; sourceTree = "<group>"; };
		F4E99FB126765EA00031BD87 /* Base */ = {isa = PBXFileReference; lastKnownFileType = file.storyboard; name = Base; path = Base.lproj/Main.storyboard; sourceTree = "<group>"; };
		F4E99FB326765EA10031BD87 /* Assets.xcassets */ = {isa = PBXFileReference; lastKnownFileType = folder.assetcatalog; path = Assets.xcassets; sourceTree = "<group>"; };
		F4E99FB626765EA10031BD87 /* Base */ = {isa = PBXFileReference; lastKnownFileType = file.storyboard; name = Base; path = Base.lproj/LaunchScreen.storyboard; sourceTree = "<group>"; };
		F4E99FB826765EA10031BD87 /* Info.plist */ = {isa = PBXFileReference; lastKnownFileType = text.plist.xml; path = Info.plist; sourceTree = "<group>"; };
		F4F22306268459C300A6E140 /* Double+Formatter.swift */ = {isa = PBXFileReference; lastKnownFileType = sourcecode.swift; path = "Double+Formatter.swift"; sourceTree = "<group>"; };
		F4F2230826845CA800A6E140 /* Date+Formatter.swift */ = {isa = PBXFileReference; lastKnownFileType = sourcecode.swift; path = "Date+Formatter.swift"; sourceTree = "<group>"; };
		F4F2230B2684714E00A6E140 /* LocationManager.swift */ = {isa = PBXFileReference; lastKnownFileType = sourcecode.swift; path = LocationManager.swift; sourceTree = "<group>"; };
/* End PBXFileReference section */

/* Begin PBXFrameworksBuildPhase section */
		F4E99FA426765EA00031BD87 /* Frameworks */ = {
			isa = PBXFrameworksBuildPhase;
			buildActionMask = 2147483647;
			files = (
			);
			runOnlyForDeploymentPostprocessing = 0;
		};
/* End PBXFrameworksBuildPhase section */

/* Begin PBXGroup section */
		F443E5E426788BD90012B40D /* Cell */ = {
			isa = PBXGroup;
			children = (
				F443E5E526788BF00012B40D /* SummaryTableViewCell.swift */,
				F443E5E726788C040012B40D /* ForecastTableViewCell.swift */,
			);
			path = Cell;
			sourceTree = "<group>";
		};
		F461E6CB268370E200752DCA /* Model */ = {
			isa = PBXGroup;
			children = (
				F461E6CC268370F300752DCA /* ApiError.swift */,
				F461E6CE2683710B00752DCA /* CurrentWether.swift */,
				F461E6D02683711C00752DCA /* Forecast.swift */,
			);
			path = Model;
			sourceTree = "<group>";
		};
		F461E6D22683712D00752DCA /* Data */ = {
			isa = PBXGroup;
			children = (
				F461E6D32683713A00752DCA /* WeatherDataSource.swift */,
			);
			path = Data;
			sourceTree = "<group>";
		};
		F461E6D52683879B00752DCA /* Api */ = {
			isa = PBXGroup;
			children = (
				F461E6D6268387A800752DCA /* MyPlayground.playground */,
			);
			path = Api;
			sourceTree = "<group>";
		};
		F4E99F9E26765EA00031BD87 = {
			isa = PBXGroup;
			children = (
				F4E99FA926765EA00031BD87 /* MooForecast */,
				F4E99FA826765EA00031BD87 /* Products */,
			);
			sourceTree = "<group>";
		};
		F4E99FA826765EA00031BD87 /* Products */ = {
			isa = PBXGroup;
			children = (
				F4E99FA726765EA00031BD87 /* MooForecast.app */,
			);
			name = Products;
			sourceTree = "<group>";
		};
		F4E99FA926765EA00031BD87 /* MooForecast */ = {
			isa = PBXGroup;
			children = (
				F4F2230A2684713D00A6E140 /* Location */,
				F4F22305268459A500A6E140 /* Formatter */,
				F461E6D52683879B00752DCA /* Api */,
				F461E6D22683712D00752DCA /* Data */,
				F461E6CB268370E200752DCA /* Model */,
				F443E5E426788BD90012B40D /* Cell */,
				F4E99FAA26765EA00031BD87 /* AppDelegate.swift */,
				F4E99FAC26765EA00031BD87 /* SceneDelegate.swift */,
				F4E99FAE26765EA00031BD87 /* ViewController.swift */,
				F4E99FB026765EA00031BD87 /* Main.storyboard */,
				F4E99FB326765EA10031BD87 /* Assets.xcassets */,
				F4E99FB526765EA10031BD87 /* LaunchScreen.storyboard */,
				F4E99FB826765EA10031BD87 /* Info.plist */,
				F443E5E2267867000012B40D /* Common.swift */,
			);
			path = MooForecast;
			sourceTree = "<group>";
		};
		F4F22305268459A500A6E140 /* Formatter */ = {
			isa = PBXGroup;
			children = (
				F4F22306268459C300A6E140 /* Double+Formatter.swift */,
				F4F2230826845CA800A6E140 /* Date+Formatter.swift */,
			);
			path = Formatter;
			sourceTree = "<group>";
		};
		F4F2230A2684713D00A6E140 /* Location */ = {
			isa = PBXGroup;
			children = (
				F4F2230B2684714E00A6E140 /* LocationManager.swift */,
			);
			path = Location;
			sourceTree = "<group>";
		};
/* End PBXGroup section */

/* Begin PBXNativeTarget section */
		F4E99FA626765EA00031BD87 /* MooForecast */ = {
			isa = PBXNativeTarget;
			buildConfigurationList = F4E99FBB26765EA10031BD87 /* Build configuration list for PBXNativeTarget "MooForecast" */;
			buildPhases = (
				F4E99FA326765EA00031BD87 /* Sources */,
				F4E99FA426765EA00031BD87 /* Frameworks */,
				F4E99FA526765EA00031BD87 /* Resources */,
			);
			buildRules = (
			);
			dependencies = (
			);
			name = MooForecast;
			productName = MooForecast;
			productReference = F4E99FA726765EA00031BD87 /* MooForecast.app */;
			productType = "com.apple.product-type.application";
		};
/* End PBXNativeTarget section */

/* Begin PBXProject section */
		F4E99F9F26765EA00031BD87 /* Project object */ = {
			isa = PBXProject;
			attributes = {
				LastSwiftUpdateCheck = 1250;
				LastUpgradeCheck = 1250;
				TargetAttributes = {
					F4E99FA626765EA00031BD87 = {
						CreatedOnToolsVersion = 12.5;
					};
				};
			};
			buildConfigurationList = F4E99FA226765EA00031BD87 /* Build configuration list for PBXProject "MooForecast" */;
			compatibilityVersion = "Xcode 9.3";
			developmentRegion = en;
			hasScannedForEncodings = 0;
			knownRegions = (
				en,
				Base,
			);
			mainGroup = F4E99F9E26765EA00031BD87;
			productRefGroup = F4E99FA826765EA00031BD87 /* Products */;
			projectDirPath = "";
			projectRoot = "";
			targets = (
				F4E99FA626765EA00031BD87 /* MooForecast */,
			);
		};
/* End PBXProject section */

/* Begin PBXResourcesBuildPhase section */
		F4E99FA526765EA00031BD87 /* Resources */ = {
			isa = PBXResourcesBuildPhase;
			buildActionMask = 2147483647;
			files = (
				F4E99FB726765EA10031BD87 /* LaunchScreen.storyboard in Resources */,
				F4E99FB426765EA10031BD87 /* Assets.xcassets in Resources */,
				F4E99FB226765EA00031BD87 /* Main.storyboard in Resources */,
			);
			runOnlyForDeploymentPostprocessing = 0;
		};
/* End PBXResourcesBuildPhase section */

/* Begin PBXSourcesBuildPhase section */
		F4E99FA326765EA00031BD87 /* Sources */ = {
			isa = PBXSourcesBuildPhase;
			buildActionMask = 2147483647;
			files = (
				F461E6CF2683710B00752DCA /* CurrentWether.swift in Sources */,
				F461E6CD268370F300752DCA /* ApiError.swift in Sources */,
				F443E5E826788C040012B40D /* ForecastTableViewCell.swift in Sources */,
				F4F22307268459C300A6E140 /* Double+Formatter.swift in Sources */,
				F4F2230926845CA800A6E140 /* Date+Formatter.swift in Sources */,
				F443E5E3267867000012B40D /* Common.swift in Sources */,
				F461E6D12683711C00752DCA /* Forecast.swift in Sources */,
				F4E99FAF26765EA00031BD87 /* ViewController.swift in Sources */,
				F4E99FAB26765EA00031BD87 /* AppDelegate.swift in Sources */,
				F461E6D42683713A00752DCA /* WeatherDataSource.swift in Sources */,
				F443E5E626788BF00012B40D /* SummaryTableViewCell.swift in Sources */,
				F4E99FAD26765EA00031BD87 /* SceneDelegate.swift in Sources */,
				F4F2230C2684714E00A6E140 /* LocationManager.swift in Sources */,
			);
			runOnlyForDeploymentPostprocessing = 0;
		};
/* End PBXSourcesBuildPhase section */

/* Begin PBXVariantGroup section */
		F4E99FB026765EA00031BD87 /* Main.storyboard */ = {
			isa = PBXVariantGroup;
			children = (
				F4E99FB126765EA00031BD87 /* Base */,
			);
			name = Main.storyboard;
			sourceTree = "<group>";
		};
		F4E99FB526765EA10031BD87 /* LaunchScreen.storyboard */ = {
			isa = PBXVariantGroup;
			children = (
				F4E99FB626765EA10031BD87 /* Base */,
			);
			name = LaunchScreen.storyboard;
			sourceTree = "<group>";
		};
/* End PBXVariantGroup section */

/* Begin XCBuildConfiguration section */
		F4E99FB926765EA10031BD87 /* Debug */ = {
			isa = XCBuildConfiguration;
			buildSettings = {
				ALWAYS_SEARCH_USER_PATHS = NO;
				CLANG_ANALYZER_NONNULL = YES;
				CLANG_ANALYZER_NUMBER_OBJECT_CONVERSION = YES_AGGRESSIVE;
				CLANG_CXX_LANGUAGE_STANDARD = "gnu++14";
				CLANG_CXX_LIBRARY = "libc++";
				CLANG_ENABLE_MODULES = YES;
				CLANG_ENABLE_OBJC_ARC = YES;
				CLANG_ENABLE_OBJC_WEAK = YES;
				CLANG_WARN_BLOCK_CAPTURE_AUTORELEASING = YES;
				CLANG_WARN_BOOL_CONVERSION = YES;
				CLANG_WARN_COMMA = YES;
				CLANG_WARN_CONSTANT_CONVERSION = YES;
				CLANG_WARN_DEPRECATED_OBJC_IMPLEMENTATIONS = YES;
				CLANG_WARN_DIRECT_OBJC_ISA_USAGE = YES_ERROR;
				CLANG_WARN_DOCUMENTATION_COMMENTS = YES;
				CLANG_WARN_EMPTY_BODY = YES;
				CLANG_WARN_ENUM_CONVERSION = YES;
				CLANG_WARN_INFINITE_RECURSION = YES;
				CLANG_WARN_INT_CONVERSION = YES;
				CLANG_WARN_NON_LITERAL_NULL_CONVERSION = YES;
				CLANG_WARN_OBJC_IMPLICIT_RETAIN_SELF = YES;
				CLANG_WARN_OBJC_LITERAL_CONVERSION = YES;
				CLANG_WARN_OBJC_ROOT_CLASS = YES_ERROR;
				CLANG_WARN_QUOTED_INCLUDE_IN_FRAMEWORK_HEADER = YES;
				CLANG_WARN_RANGE_LOOP_ANALYSIS = YES;
				CLANG_WARN_STRICT_PROTOTYPES = YES;
				CLANG_WARN_SUSPICIOUS_MOVE = YES;
				CLANG_WARN_UNGUARDED_AVAILABILITY = YES_AGGRESSIVE;
				CLANG_WARN_UNREACHABLE_CODE = YES;
				CLANG_WARN__DUPLICATE_METHOD_MATCH = YES;
				COPY_PHASE_STRIP = NO;
				DEBUG_INFORMATION_FORMAT = dwarf;
				ENABLE_STRICT_OBJC_MSGSEND = YES;
				ENABLE_TESTABILITY = YES;
				GCC_C_LANGUAGE_STANDARD = gnu11;
				GCC_DYNAMIC_NO_PIC = NO;
				GCC_NO_COMMON_BLOCKS = YES;
				GCC_OPTIMIZATION_LEVEL = 0;
				GCC_PREPROCESSOR_DEFINITIONS = (
					"DEBUG=1",
					"$(inherited)",
				);
				GCC_WARN_64_TO_32_BIT_CONVERSION = YES;
				GCC_WARN_ABOUT_RETURN_TYPE = YES_ERROR;
				GCC_WARN_UNDECLARED_SELECTOR = YES;
				GCC_WARN_UNINITIALIZED_AUTOS = YES_AGGRESSIVE;
				GCC_WARN_UNUSED_FUNCTION = YES;
				GCC_WARN_UNUSED_VARIABLE = YES;
				IPHONEOS_DEPLOYMENT_TARGET = 14.5;
				MTL_ENABLE_DEBUG_INFO = INCLUDE_SOURCE;
				MTL_FAST_MATH = YES;
				ONLY_ACTIVE_ARCH = YES;
				SDKROOT = iphoneos;
				SWIFT_ACTIVE_COMPILATION_CONDITIONS = DEBUG;
				SWIFT_OPTIMIZATION_LEVEL = "-Onone";
			};
			name = Debug;
		};
		F4E99FBA26765EA10031BD87 /* Release */ = {
			isa = XCBuildConfiguration;
			buildSettings = {
				ALWAYS_SEARCH_USER_PATHS = NO;
				CLANG_ANALYZER_NONNULL = YES;
				CLANG_ANALYZER_NUMBER_OBJECT_CONVERSION = YES_AGGRESSIVE;
				CLANG_CXX_LANGUAGE_STANDARD = "gnu++14";
				CLANG_CXX_LIBRARY = "libc++";
				CLANG_ENABLE_MODULES = YES;
				CLANG_ENABLE_OBJC_ARC = YES;
				CLANG_ENABLE_OBJC_WEAK = YES;
				CLANG_WARN_BLOCK_CAPTURE_AUTORELEASING = YES;
				CLANG_WARN_BOOL_CONVERSION = YES;
				CLANG_WARN_COMMA = YES;
				CLANG_WARN_CONSTANT_CONVERSION = YES;
				CLANG_WARN_DEPRECATED_OBJC_IMPLEMENTATIONS = YES;
				CLANG_WARN_DIRECT_OBJC_ISA_USAGE = YES_ERROR;
				CLANG_WARN_DOCUMENTATION_COMMENTS = YES;
				CLANG_WARN_EMPTY_BODY = YES;
				CLANG_WARN_ENUM_CONVERSION = YES;
				CLANG_WARN_INFINITE_RECURSION = YES;
				CLANG_WARN_INT_CONVERSION = YES;
				CLANG_WARN_NON_LITERAL_NULL_CONVERSION = YES;
				CLANG_WARN_OBJC_IMPLICIT_RETAIN_SELF = YES;
				CLANG_WARN_OBJC_LITERAL_CONVERSION = YES;
				CLANG_WARN_OBJC_ROOT_CLASS = YES_ERROR;
				CLANG_WARN_QUOTED_INCLUDE_IN_FRAMEWORK_HEADER = YES;
				CLANG_WARN_RANGE_LOOP_ANALYSIS = YES;
				CLANG_WARN_STRICT_PROTOTYPES = YES;
				CLANG_WARN_SUSPICIOUS_MOVE = YES;
				CLANG_WARN_UNGUARDED_AVAILABILITY = YES_AGGRESSIVE;
				CLANG_WARN_UNREACHABLE_CODE = YES;
				CLANG_WARN__DUPLICATE_METHOD_MATCH = YES;
				COPY_PHASE_STRIP = NO;
				DEBUG_INFORMATION_FORMAT = "dwarf-with-dsym";
				ENABLE_NS_ASSERTIONS = NO;
				ENABLE_STRICT_OBJC_MSGSEND = YES;
				GCC_C_LANGUAGE_STANDARD = gnu11;
				GCC_NO_COMMON_BLOCKS = YES;
				GCC_WARN_64_TO_32_BIT_CONVERSION = YES;
				GCC_WARN_ABOUT_RETURN_TYPE = YES_ERROR;
				GCC_WARN_UNDECLARED_SELECTOR = YES;
				GCC_WARN_UNINITIALIZED_AUTOS = YES_AGGRESSIVE;
				GCC_WARN_UNUSED_FUNCTION = YES;
				GCC_WARN_UNUSED_VARIABLE = YES;
				IPHONEOS_DEPLOYMENT_TARGET = 14.5;
				MTL_ENABLE_DEBUG_INFO = NO;
				MTL_FAST_MATH = YES;
				SDKROOT = iphoneos;
				SWIFT_COMPILATION_MODE = wholemodule;
				SWIFT_OPTIMIZATION_LEVEL = "-O";
				VALIDATE_PRODUCT = YES;
			};
			name = Release;
		};
		F4E99FBC26765EA10031BD87 /* Debug */ = {
			isa = XCBuildConfiguration;
			buildSettings = {
				ASSETCATALOG_COMPILER_APPICON_NAME = AppIcon;
				ASSETCATALOG_COMPILER_GLOBAL_ACCENT_COLOR_NAME = AccentColor;
				CODE_SIGN_STYLE = Automatic;
				DEVELOPMENT_TEAM = 6ZQXJHH38M;
				INFOPLIST_FILE = MooForecast/Info.plist;
				IPHONEOS_DEPLOYMENT_TARGET = 11.0;
				LD_RUNPATH_SEARCH_PATHS = (
					"$(inherited)",
					"@executable_path/Frameworks",
				);
				PRODUCT_BUNDLE_IDENTIFIER = com.danmooji.MooForecast;
				PRODUCT_NAME = "$(TARGET_NAME)";
				SWIFT_VERSION = 5.0;
				TARGETED_DEVICE_FAMILY = "1,2";
			};
			name = Debug;
		};
		F4E99FBD26765EA10031BD87 /* Release */ = {
			isa = XCBuildConfiguration;
			buildSettings = {
				ASSETCATALOG_COMPILER_APPICON_NAME = AppIcon;
				ASSETCATALOG_COMPILER_GLOBAL_ACCENT_COLOR_NAME = AccentColor;
				CODE_SIGN_STYLE = Automatic;
				DEVELOPMENT_TEAM = 6ZQXJHH38M;
				INFOPLIST_FILE = MooForecast/Info.plist;
				IPHONEOS_DEPLOYMENT_TARGET = 11.0;
				LD_RUNPATH_SEARCH_PATHS = (
					"$(inherited)",
					"@executable_path/Frameworks",
				);
				PRODUCT_BUNDLE_IDENTIFIER = com.danmooji.MooForecast;
				PRODUCT_NAME = "$(TARGET_NAME)";
				SWIFT_VERSION = 5.0;
				TARGETED_DEVICE_FAMILY = "1,2";
			};
			name = Release;
		};
/* End XCBuildConfiguration section */

/* Begin XCConfigurationList section */
		F4E99FA226765EA00031BD87 /* Build configuration list for PBXProject "MooForecast" */ = {
			isa = XCConfigurationList;
			buildConfigurations = (
				F4E99FB926765EA10031BD87 /* Debug */,
				F4E99FBA26765EA10031BD87 /* Release */,
			);
			defaultConfigurationIsVisible = 0;
			defaultConfigurationName = Release;
		};
		F4E99FBB26765EA10031BD87 /* Build configuration list for PBXNativeTarget "MooForecast" */ = {
			isa = XCConfigurationList;
			buildConfigurations = (
				F4E99FBC26765EA10031BD87 /* Debug */,
				F4E99FBD26765EA10031BD87 /* Release */,
			);
			defaultConfigurationIsVisible = 0;
			defaultConfigurationName = Release;
		};
/* End XCConfigurationList section */
	};
	rootObject = F4E99F9F26765EA00031BD87 /* Project object */;
}
